
Microsoft Visual Studio Solution File, Format Version 12.00
# Visual Studio Version 17
VisualStudioVersion = 17.12.35514.174 d17.12
MinimumVisualStudioVersion = 10.0.40219.1
Project("{FAE04EC0-301F-11D3-BF4B-00C04F79EFBC}") = "shop2", "shop2\shop2.csproj", "{BAF9D3C8-44E6-4C56-9894-570B252E45DD}"
EndProject
Global
	GlobalSection(SolutionConfigurationPlatforms) = preSolution
		Debug|Any CPU = Debug|Any CPU
		Release|Any CPU = Release|Any CPU
	EndGlobalSection
	GlobalSection(ProjectConfigurationPlatforms) = postSolution
		{BAF9D3C8-44E6-4C56-9894-570B252E45DD}.Debug|Any CPU.ActiveCfg = Debug|Any CPU
		{BAF9D3C8-44E6-4C56-9894-570B252E45DD}.Debug|Any CPU.Build.0 = Debug|Any CPU
		{BAF9D3C8-44E6-4C56-9894-570B252E45DD}.Release|Any CPU.ActiveCfg = Release|Any CPU
		{BAF9D3C8-44E6-4C56-9894-570B252E45DD}.Release|Any CPU.Build.0 = Release|Any CPU
	EndGlobalSection
	GlobalSection(SolutionProperties) = preSolution
		HideSolutionNode = FALSE
	EndGlobalSection
EndGlobal
